
Microsoft Visual Studio Solution File, Format Version 12.00
# Visual Studio 15
VisualStudioVersion = 15.0.28307.539
MinimumVisualStudioVersion = 10.0.40219.1
Project("{FAE04EC0-301F-11D3-BF4B-00C04F79EFBC}") = "PeriodicTable", "PeriodicTable\PeriodicTable.csproj", "{F323A07F-447B-473F-AED2-EFE1D597AED7}"
EndProject
Global
	GlobalSection(SolutionConfigurationPlatforms) = preSolution
		Debug|Any CPU = Debug|Any CPU
		Release|Any CPU = Release|Any CPU
	EndGlobalSection
	GlobalSection(ProjectConfigurationPlatforms) = postSolution
		{F323A07F-447B-473F-AED2-EFE1D597AED7}.Debug|Any CPU.ActiveCfg = Debug|Any CPU
		{F323A07F-447B-473F-AED2-EFE1D597AED7}.Debug|Any CPU.Build.0 = Debug|Any CPU
		{F323A07F-447B-473F-AED2-EFE1D597AED7}.Release|Any CPU.ActiveCfg = Release|Any CPU
		{F323A07F-447B-473F-AED2-EFE1D597AED7}.Release|Any CPU.Build.0 = Release|Any CPU
	EndGlobalSection
	GlobalSection(SolutionProperties) = preSolution
		HideSolutionNode = FALSE
	EndGlobalSection
	GlobalSection(ExtensibilityGlobals) = postSolution
		SolutionGuid = {62B3F546-FEFF-47F2-B4C4-69564AC1E138}
	EndGlobalSection
EndGlobal
